// !$*UTF8*$!
{
	archiveVersion = 1;
	classes = {
	};
	objectVersion = 46;
	objects = {

/* Begin PBXBuildFile section */
		A7F05B9514BA04C3005CF16F /* UIKit.framework in Frameworks */ = {isa = PBXBuildFile; fileRef = A7F05B9414BA04C3005CF16F /* UIKit.framework */; };
		A7F05B9714BA04C3005CF16F /* Foundation.framework in Frameworks */ = {isa = PBXBuildFile; fileRef = A7F05B9614BA04C3005CF16F /* Foundation.framework */; };
		A7F05B9914BA04C3005CF16F /* CoreGraphics.framework in Frameworks */ = {isa = PBXBuildFile; fileRef = A7F05B9814BA04C3005CF16F /* CoreGraphics.framework */; };
		A7F05BA114BA04C3005CF16F /* main.m in Sources */ = {isa = PBXBuildFile; fileRef = A7F05BA014BA04C3005CF16F /* main.m */; };
		A7F05BA514BA04C3005CF16F /* OPAppDelegate.m in Sources */ = {isa = PBXBuildFile; fileRef = A7F05BA414BA04C3005CF16F /* OPAppDelegate.m */; };
		A7F05BBB14BA05EE005CF16F /* UIKit.framework in Frameworks */ = {isa = PBXBuildFile; fileRef = A7F05B9414BA04C3005CF16F /* UIKit.framework */; };
		A7F05BBC14BA05EE005CF16F /* Foundation.framework in Frameworks */ = {isa = PBXBuildFile; fileRef = A7F05B9614BA04C3005CF16F /* Foundation.framework */; };
		A7F05BBD14BA05EE005CF16F /* CoreGraphics.framework in Frameworks */ = {isa = PBXBuildFile; fileRef = A7F05B9814BA04C3005CF16F /* CoreGraphics.framework */; };
		A7F05BC514BA05EE005CF16F /* main.m in Sources */ = {isa = PBXBuildFile; fileRef = A7F05BC414BA05EE005CF16F /* main.m */; };
		A7F05BD114BA0626005CF16F /* GHUnitIOS.framework in Frameworks */ = {isa = PBXBuildFile; fileRef = A7F05BD014BA0626005CF16F /* GHUnitIOS.framework */; };
		A7F05BD514BA0633005CF16F /* OPOrderedMutableDictionary.m in Sources */ = {isa = PBXBuildFile; fileRef = A7F05BD414BA0633005CF16F /* OPOrderedMutableDictionary.m */; };
		A7F05BD614BA0633005CF16F /* OPOrderedMutableDictionary.m in Sources */ = {isa = PBXBuildFile; fileRef = A7F05BD414BA0633005CF16F /* OPOrderedMutableDictionary.m */; };
		A7F05BD814BA0995005CF16F /* OPFoundationKit.podspec in Resources */ = {isa = PBXBuildFile; fileRef = A7F05BD714BA0995005CF16F /* OPFoundationKit.podspec */; };
		A7F05BD914BA0995005CF16F /* OPFoundationKit.podspec in Resources */ = {isa = PBXBuildFile; fileRef = A7F05BD714BA0995005CF16F /* OPFoundationKit.podspec */; };
/* End PBXBuildFile section */

/* Begin PBXFileReference section */
		A7F05B9014BA04C3005CF16F /* OPFoundationKit.app */ = {isa = PBXFileReference; explicitFileType = wrapper.application; includeInIndex = 0; path = OPFoundationKit.app; sourceTree = BUILT_PRODUCTS_DIR; };
		A7F05B9414BA04C3005CF16F /* UIKit.framework */ = {isa = PBXFileReference; lastKnownFileType = wrapper.framework; name = UIKit.framework; path = System/Library/Frameworks/UIKit.framework; sourceTree = SDKROOT; };
		A7F05B9614BA04C3005CF16F /* Foundation.framework */ = {isa = PBXFileReference; lastKnownFileType = wrapper.framework; name = Foundation.framework; path = System/Library/Frameworks/Foundation.framework; sourceTree = SDKROOT; };
		A7F05B9814BA04C3005CF16F /* CoreGraphics.framework */ = {isa = PBXFileReference; lastKnownFileType = wrapper.framework; name = CoreGraphics.framework; path = System/Library/Frameworks/CoreGraphics.framework; sourceTree = SDKROOT; };
		A7F05B9C14BA04C3005CF16F /* OPFoundationKit-Info.plist */ = {isa = PBXFileReference; lastKnownFileType = text.plist.xml; path = "OPFoundationKit-Info.plist"; sourceTree = "<group>"; };
		A7F05BA014BA04C3005CF16F /* main.m */ = {isa = PBXFileReference; lastKnownFileType = sourcecode.c.objc; path = main.m; sourceTree = "<group>"; };
		A7F05BA214BA04C3005CF16F /* OPFoundationKit-Prefix.pch */ = {isa = PBXFileReference; lastKnownFileType = sourcecode.c.h; path = "OPFoundationKit-Prefix.pch"; sourceTree = "<group>"; };
		A7F05BA314BA04C3005CF16F /* OPAppDelegate.h */ = {isa = PBXFileReference; lastKnownFileType = sourcecode.c.h; path = OPAppDelegate.h; sourceTree = "<group>"; };
		A7F05BA414BA04C3005CF16F /* OPAppDelegate.m */ = {isa = PBXFileReference; lastKnownFileType = sourcecode.c.objc; path = OPAppDelegate.m; sourceTree = "<group>"; };
		A7F05BB914BA05EE005CF16F /* OPFoundationKitTests.app */ = {isa = PBXFileReference; explicitFileType = wrapper.application; includeInIndex = 0; path = OPFoundationKitTests.app; sourceTree = BUILT_PRODUCTS_DIR; };
		A7F05BC014BA05EE005CF16F /* OPFoundationKitTests-Info.plist */ = {isa = PBXFileReference; lastKnownFileType = text.plist.xml; path = "OPFoundationKitTests-Info.plist"; sourceTree = "<group>"; };
		A7F05BC414BA05EE005CF16F /* main.m */ = {isa = PBXFileReference; lastKnownFileType = sourcecode.c.objc; path = main.m; sourceTree = "<group>"; };
		A7F05BC614BA05EE005CF16F /* OPFoundationKitTests-Prefix.pch */ = {isa = PBXFileReference; lastKnownFileType = sourcecode.c.h; path = "OPFoundationKitTests-Prefix.pch"; sourceTree = "<group>"; };
		A7F05BD014BA0626005CF16F /* GHUnitIOS.framework */ = {isa = PBXFileReference; lastKnownFileType = wrapper.framework; name = GHUnitIOS.framework; path = OPFoundationKitTests/GHUnitIOS.framework; sourceTree = "<group>"; };
		A7F05BD314BA0633005CF16F /* OPOrderedMutableDictionary.h */ = {isa = PBXFileReference; fileEncoding = 4; lastKnownFileType = sourcecode.c.h; path = OPOrderedMutableDictionary.h; sourceTree = "<group>"; };
		A7F05BD414BA0633005CF16F /* OPOrderedMutableDictionary.m */ = {isa = PBXFileReference; fileEncoding = 4; lastKnownFileType = sourcecode.c.objc; path = OPOrderedMutableDictionary.m; sourceTree = "<group>"; };
		A7F05BD714BA0995005CF16F /* OPFoundationKit.podspec */ = {isa = PBXFileReference; explicitFileType = text.script.ruby; fileEncoding = 4; indentWidth = 2; path = OPFoundationKit.podspec; sourceTree = SOURCE_ROOT; tabWidth = 2; xcLanguageSpecificationIdentifier = xcode.lang.ruby; };
/* End PBXFileReference section */

/* Begin PBXFrameworksBuildPhase section */
		A7F05B8D14BA04C3005CF16F /* Frameworks */ = {
			isa = PBXFrameworksBuildPhase;
			buildActionMask = 2147483647;
			files = (
				A7F05B9514BA04C3005CF16F /* UIKit.framework in Frameworks */,
				A7F05B9714BA04C3005CF16F /* Foundation.framework in Frameworks */,
				A7F05B9914BA04C3005CF16F /* CoreGraphics.framework in Frameworks */,
			);
			runOnlyForDeploymentPostprocessing = 0;
		};
		A7F05BB614BA05EE005CF16F /* Frameworks */ = {
			isa = PBXFrameworksBuildPhase;
			buildActionMask = 2147483647;
			files = (
				A7F05BBB14BA05EE005CF16F /* UIKit.framework in Frameworks */,
				A7F05BBC14BA05EE005CF16F /* Foundation.framework in Frameworks */,
				A7F05BBD14BA05EE005CF16F /* CoreGraphics.framework in Frameworks */,
				A7F05BD114BA0626005CF16F /* GHUnitIOS.framework in Frameworks */,
			);
			runOnlyForDeploymentPostprocessing = 0;
		};
/* End PBXFrameworksBuildPhase section */

/* Begin PBXGroup section */
		A7F05B8514BA04C3005CF16F = {
			isa = PBXGroup;
			children = (
				A7F05B9A14BA04C3005CF16F /* OPFoundationKit */,
				A7F05BBE14BA05EE005CF16F /* OPFoundationKitTests */,
				A7F05B9314BA04C3005CF16F /* Frameworks */,
				A7F05B9114BA04C3005CF16F /* Products */,
			);
			sourceTree = "<group>";
		};
		A7F05B9114BA04C3005CF16F /* Products */ = {
			isa = PBXGroup;
			children = (
				A7F05B9014BA04C3005CF16F /* OPFoundationKit.app */,
				A7F05BB914BA05EE005CF16F /* OPFoundationKitTests.app */,
			);
			name = Products;
			sourceTree = "<group>";
		};
		A7F05B9314BA04C3005CF16F /* Frameworks */ = {
			isa = PBXGroup;
			children = (
				A7F05BD014BA0626005CF16F /* GHUnitIOS.framework */,
				A7F05B9414BA04C3005CF16F /* UIKit.framework */,
				A7F05B9614BA04C3005CF16F /* Foundation.framework */,
				A7F05B9814BA04C3005CF16F /* CoreGraphics.framework */,
			);
			name = Frameworks;
			sourceTree = "<group>";
		};
		A7F05B9A14BA04C3005CF16F /* OPFoundationKit */ = {
			isa = PBXGroup;
			children = (
				A7F05BD214BA0633005CF16F /* Source */,
				A7F05B9B14BA04C3005CF16F /* Supporting Files */,
			);
			path = OPFoundationKit;
			sourceTree = "<group>";
		};
		A7F05B9B14BA04C3005CF16F /* Supporting Files */ = {
			isa = PBXGroup;
			children = (
				A7F05BD714BA0995005CF16F /* OPFoundationKit.podspec */,
				A7F05BA314BA04C3005CF16F /* OPAppDelegate.h */,
				A7F05BA414BA04C3005CF16F /* OPAppDelegate.m */,
				A7F05B9C14BA04C3005CF16F /* OPFoundationKit-Info.plist */,
				A7F05BA014BA04C3005CF16F /* main.m */,
				A7F05BA214BA04C3005CF16F /* OPFoundationKit-Prefix.pch */,
			);
			name = "Supporting Files";
			sourceTree = "<group>";
		};
		A7F05BBE14BA05EE005CF16F /* OPFoundationKitTests */ = {
			isa = PBXGroup;
			children = (
				A7F05BBF14BA05EE005CF16F /* Supporting Files */,
			);
			path = OPFoundationKitTests;
			sourceTree = "<group>";
		};
		A7F05BBF14BA05EE005CF16F /* Supporting Files */ = {
			isa = PBXGroup;
			children = (
				A7F05BC014BA05EE005CF16F /* OPFoundationKitTests-Info.plist */,
				A7F05BC414BA05EE005CF16F /* main.m */,
				A7F05BC614BA05EE005CF16F /* OPFoundationKitTests-Prefix.pch */,
			);
			name = "Supporting Files";
			sourceTree = "<group>";
		};
		A7F05BD214BA0633005CF16F /* Source */ = {
			isa = PBXGroup;
			children = (
				A7F05BD314BA0633005CF16F /* OPOrderedMutableDictionary.h */,
				A7F05BD414BA0633005CF16F /* OPOrderedMutableDictionary.m */,
			);
			path = Source;
			sourceTree = "<group>";
		};
/* End PBXGroup section */

/* Begin PBXNativeTarget section */
		A7F05B8F14BA04C3005CF16F /* OPFoundationKit */ = {
			isa = PBXNativeTarget;
			buildConfigurationList = A7F05BA814BA04C3005CF16F /* Build configuration list for PBXNativeTarget "OPFoundationKit" */;
			buildPhases = (
				A7F05B8C14BA04C3005CF16F /* Sources */,
				A7F05B8D14BA04C3005CF16F /* Frameworks */,
				A7F05B8E14BA04C3005CF16F /* Resources */,
			);
			buildRules = (
			);
			dependencies = (
			);
			name = OPFoundationKit;
			productName = OPFoundationKit;
			productReference = A7F05B9014BA04C3005CF16F /* OPFoundationKit.app */;
			productType = "com.apple.product-type.application";
		};
		A7F05BB814BA05EE005CF16F /* OPFoundationKitTests */ = {
			isa = PBXNativeTarget;
			buildConfigurationList = A7F05BCC14BA05EE005CF16F /* Build configuration list for PBXNativeTarget "OPFoundationKitTests" */;
			buildPhases = (
				A7F05BB514BA05EE005CF16F /* Sources */,
				A7F05BB614BA05EE005CF16F /* Frameworks */,
				A7F05BB714BA05EE005CF16F /* Resources */,
			);
			buildRules = (
			);
			dependencies = (
			);
			name = OPFoundationKitTests;
			productName = OPFoundationKitTests;
			productReference = A7F05BB914BA05EE005CF16F /* OPFoundationKitTests.app */;
			productType = "com.apple.product-type.application";
		};
/* End PBXNativeTarget section */

/* Begin PBXProject section */
		A7F05B8714BA04C3005CF16F /* Project object */ = {
			isa = PBXProject;
			attributes = {
				LastUpgradeCheck = 0420;
				ORGANIZATIONNAME = Opetopic;
			};
			buildConfigurationList = A7F05B8A14BA04C3005CF16F /* Build configuration list for PBXProject "OPFoundationKit" */;
			compatibilityVersion = "Xcode 3.2";
			developmentRegion = English;
			hasScannedForEncodings = 0;
			knownRegions = (
				en,
			);
			mainGroup = A7F05B8514BA04C3005CF16F;
			productRefGroup = A7F05B9114BA04C3005CF16F /* Products */;
			projectDirPath = "";
			projectRoot = "";
			targets = (
				A7F05B8F14BA04C3005CF16F /* OPFoundationKit */,
				A7F05BB814BA05EE005CF16F /* OPFoundationKitTests */,
			);
		};
/* End PBXProject section */

/* Begin PBXResourcesBuildPhase section */
		A7F05B8E14BA04C3005CF16F /* Resources */ = {
			isa = PBXResourcesBuildPhase;
			buildActionMask = 2147483647;
			files = (
				A7F05BD814BA0995005CF16F /* OPFoundationKit.podspec in Resources */,
			);
			runOnlyForDeploymentPostprocessing = 0;
		};
		A7F05BB714BA05EE005CF16F /* Resources */ = {
			isa = PBXResourcesBuildPhase;
			buildActionMask = 2147483647;
			files = (
				A7F05BD914BA0995005CF16F /* OPFoundationKit.podspec in Resources */,
			);
			runOnlyForDeploymentPostprocessing = 0;
		};
/* End PBXResourcesBuildPhase section */

/* Begin PBXSourcesBuildPhase section */
		A7F05B8C14BA04C3005CF16F /* Sources */ = {
			isa = PBXSourcesBuildPhase;
			buildActionMask = 2147483647;
			files = (
				A7F05BA114BA04C3005CF16F /* main.m in Sources */,
				A7F05BA514BA04C3005CF16F /* OPAppDelegate.m in Sources */,
				A7F05BD514BA0633005CF16F /* OPOrderedMutableDictionary.m in Sources */,
			);
			runOnlyForDeploymentPostprocessing = 0;
		};
		A7F05BB514BA05EE005CF16F /* Sources */ = {
			isa = PBXSourcesBuildPhase;
			buildActionMask = 2147483647;
			files = (
				A7F05BC514BA05EE005CF16F /* main.m in Sources */,
				A7F05BD614BA0633005CF16F /* OPOrderedMutableDictionary.m in Sources */,
			);
			runOnlyForDeploymentPostprocessing = 0;
		};
/* End PBXSourcesBuildPhase section */

/* Begin XCBuildConfiguration section */
		A7F05BA614BA04C3005CF16F /* Debug */ = {
			isa = XCBuildConfiguration;
			buildSettings = {
				ALWAYS_SEARCH_USER_PATHS = NO;
				ARCHS = "$(ARCHS_STANDARD_32_BIT)";
				CLANG_ENABLE_OBJC_ARC = YES;
				"CODE_SIGN_IDENTITY[sdk=iphoneos*]" = "iPhone Developer";
				COPY_PHASE_STRIP = NO;
				GCC_C_LANGUAGE_STANDARD = gnu99;
				GCC_DYNAMIC_NO_PIC = NO;
				GCC_OPTIMIZATION_LEVEL = 0;
				GCC_PREPROCESSOR_DEFINITIONS = (
					"DEBUG=1",
					"$(inherited)",
				);
				GCC_SYMBOLS_PRIVATE_EXTERN = NO;
				GCC_VERSION = com.apple.compilers.llvm.clang.1_0;
				GCC_WARN_ABOUT_MISSING_PROTOTYPES = YES;
				GCC_WARN_ABOUT_RETURN_TYPE = YES;
				GCC_WARN_UNUSED_VARIABLE = YES;
				IPHONEOS_DEPLOYMENT_TARGET = 5.0;
				SDKROOT = iphoneos;
				TARGETED_DEVICE_FAMILY = "1,2";
			};
			name = Debug;
		};
		A7F05BA714BA04C3005CF16F /* Release */ = {
			isa = XCBuildConfiguration;
			buildSettings = {
				ALWAYS_SEARCH_USER_PATHS = NO;
				ARCHS = "$(ARCHS_STANDARD_32_BIT)";
				CLANG_ENABLE_OBJC_ARC = YES;
				"CODE_SIGN_IDENTITY[sdk=iphoneos*]" = "iPhone Developer";
				COPY_PHASE_STRIP = YES;
				GCC_C_LANGUAGE_STANDARD = gnu99;
				GCC_VERSION = com.apple.compilers.llvm.clang.1_0;
				GCC_WARN_ABOUT_MISSING_PROTOTYPES = YES;
				GCC_WARN_ABOUT_RETURN_TYPE = YES;
				GCC_WARN_UNUSED_VARIABLE = YES;
				IPHONEOS_DEPLOYMENT_TARGET = 5.0;
				OTHER_CFLAGS = "-DNS_BLOCK_ASSERTIONS=1";
				SDKROOT = iphoneos;
				TARGETED_DEVICE_FAMILY = "1,2";
				VALIDATE_PRODUCT = YES;
			};
			name = Release;
		};
		A7F05BA914BA04C3005CF16F /* Debug */ = {
			isa = XCBuildConfiguration;
			buildSettings = {
				GCC_PRECOMPILE_PREFIX_HEADER = YES;
				GCC_PREFIX_HEADER = "OPFoundationKit/OPFoundationKit-Prefix.pch";
				INFOPLIST_FILE = "OPFoundationKit/OPFoundationKit-Info.plist";
				PRODUCT_NAME = "$(TARGET_NAME)";
				WRAPPER_EXTENSION = app;
			};
			name = Debug;
		};
		A7F05BAA14BA04C3005CF16F /* Release */ = {
			isa = XCBuildConfiguration;
			buildSettings = {
				GCC_PRECOMPILE_PREFIX_HEADER = YES;
				GCC_PREFIX_HEADER = "OPFoundationKit/OPFoundationKit-Prefix.pch";
				INFOPLIST_FILE = "OPFoundationKit/OPFoundationKit-Info.plist";
				PRODUCT_NAME = "$(TARGET_NAME)";
				WRAPPER_EXTENSION = app;
			};
			name = Release;
		};
		A7F05BCA14BA05EE005CF16F /* Debug */ = {
			isa = XCBuildConfiguration;
			buildSettings = {
				"CODE_SIGN_IDENTITY[sdk=iphoneos*]" = "iPhone Developer";
				FRAMEWORK_SEARCH_PATHS = (
					"$(inherited)",
					"\"$(SRCROOT)/OPFoundationKitTests\"",
				);
				GCC_PRECOMPILE_PREFIX_HEADER = YES;
				GCC_PREFIX_HEADER = "OPFoundationKitTests/OPFoundationKitTests-Prefix.pch";
				INFOPLIST_FILE = "OPFoundationKitTests/OPFoundationKitTests-Info.plist";
				PRODUCT_NAME = "$(TARGET_NAME)";
				WRAPPER_EXTENSION = app;
			};
			name = Debug;
		};
		A7F05BCB14BA05EE005CF16F /* Release */ = {
			isa = XCBuildConfiguration;
			buildSettings = {
				"CODE_SIGN_IDENTITY[sdk=iphoneos*]" = "iPhone Developer";
				FRAMEWORK_SEARCH_PATHS = (
					"$(inherited)",
					"\"$(SRCROOT)/OPFoundationKitTests\"",
				);
				GCC_PRECOMPILE_PREFIX_HEADER = YES;
				GCC_PREFIX_HEADER = "OPFoundationKitTests/OPFoundationKitTests-Prefix.pch";
				INFOPLIST_FILE = "OPFoundationKitTests/OPFoundationKitTests-Info.plist";
				PRODUCT_NAME = "$(TARGET_NAME)";
				WRAPPER_EXTENSION = app;
			};
			name = Release;
		};
/* End XCBuildConfiguration section */

/* Begin XCConfigurationList section */
		A7F05B8A14BA04C3005CF16F /* Build configuration list for PBXProject "OPFoundationKit" */ = {
			isa = XCConfigurationList;
			buildConfigurations = (
				A7F05BA614BA04C3005CF16F /* Debug */,
				A7F05BA714BA04C3005CF16F /* Release */,
			);
			defaultConfigurationIsVisible = 0;
			defaultConfigurationName = Release;
		};
		A7F05BA814BA04C3005CF16F /* Build configuration list for PBXNativeTarget "OPFoundationKit" */ = {
			isa = XCConfigurationList;
			buildConfigurations = (
				A7F05BA914BA04C3005CF16F /* Debug */,
				A7F05BAA14BA04C3005CF16F /* Release */,
			);
			defaultConfigurationIsVisible = 0;
			defaultConfigurationName = Release;
		};
		A7F05BCC14BA05EE005CF16F /* Build configuration list for PBXNativeTarget "OPFoundationKitTests" */ = {
			isa = XCConfigurationList;
			buildConfigurations = (
				A7F05BCA14BA05EE005CF16F /* Debug */,
				A7F05BCB14BA05EE005CF16F /* Release */,
			);
			defaultConfigurationIsVisible = 0;
		};
/* End XCConfigurationList section */
	};
	rootObject = A7F05B8714BA04C3005CF16F /* Project object */;
}
